
Microsoft Visual Studio Solution File, Format Version 12.00
# Visual Studio Version 17
VisualStudioVersion = 17.0.31903.59
MinimumVisualStudioVersion = 10.0.40219.1
Project("{FAE04EC0-301F-11D3-BF4B-00C04F79EFBC}") = "ConsolePortal", "ConsolePortal\ConsolePortal.csproj", "{AEE9E240-F026-4926-B46D-322CCB1C00B0}"
EndProject
Global
	GlobalSection(SolutionConfigurationPlatforms) = preSolution
		Debug|Any CPU = Debug|Any CPU
		Release|Any CPU = Release|Any CPU
	EndGlobalSection
	GlobalSection(SolutionProperties) = preSolution
		HideSolutionNode = FALSE
	EndGlobalSection
	GlobalSection(ProjectConfigurationPlatforms) = postSolution
		{AEE9E240-F026-4926-B46D-322CCB1C00B0}.Debug|Any CPU.ActiveCfg = Debug|Any CPU
		{AEE9E240-F026-4926-B46D-322CCB1C00B0}.Debug|Any CPU.Build.0 = Debug|Any CPU
		{AEE9E240-F026-4926-B46D-322CCB1C00B0}.Release|Any CPU.ActiveCfg = Release|Any CPU
		{AEE9E240-F026-4926-B46D-322CCB1C00B0}.Release|Any CPU.Build.0 = Release|Any CPU
	EndGlobalSection
EndGlobal
